// !$*UTF8*$!
{
	archiveVersion = 1;
	classes = {
	};
	objectVersion = 46;
	objects = {

/* Begin PBXBuildFile section */
		0637D57021C9C594003A2924 /* RestKit.framework in Frameworks */ = {isa = PBXBuildFile; fileRef = 0637D56F21C9C594003A2924 /* RestKit.framework */; };
		686F53331FFD1AFA008D3BA0 /* MicrophoneAdvancedViewController.swift in Sources */ = {isa = PBXBuildFile; fileRef = 686F53321FFD1AFA008D3BA0 /* MicrophoneAdvancedViewController.swift */; };
		68A4C5172016B39D00835EE4 /* Starscream.framework in Frameworks */ = {isa = PBXBuildFile; fileRef = 68A4C5162016B39D00835EE4 /* Starscream.framework */; };
		7AE28FD31DD10D6900A663ED /* AppDelegate.swift in Sources */ = {isa = PBXBuildFile; fileRef = 7AE28FD21DD10D6900A663ED /* AppDelegate.swift */; };
		7AE28FD51DD10D6900A663ED /* AudioFileViewController.swift in Sources */ = {isa = PBXBuildFile; fileRef = 7AE28FD41DD10D6900A663ED /* AudioFileViewController.swift */; };
		7AE28FD81DD10D6900A663ED /* Main.storyboard in Resources */ = {isa = PBXBuildFile; fileRef = 7AE28FD61DD10D6900A663ED /* Main.storyboard */; };
		7AE28FDA1DD10D6900A663ED /* Assets.xcassets in Resources */ = {isa = PBXBuildFile; fileRef = 7AE28FD91DD10D6900A663ED /* Assets.xcassets */; };
		7AE28FDD1DD10D6900A663ED /* LaunchScreen.storyboard in Resources */ = {isa = PBXBuildFile; fileRef = 7AE28FDB1DD10D6900A663ED /* LaunchScreen.storyboard */; };
		7AE28FE81DD1108500A663ED /* SpeechToTextV1.framework in Frameworks */ = {isa = PBXBuildFile; fileRef = 7AE28FE61DD1108500A663ED /* SpeechToTextV1.framework */; };
		7AE28FEB1DD1214000A663ED /* SpeechSample.wav in Resources */ = {isa = PBXBuildFile; fileRef = 7AE28FEA1DD1214000A663ED /* SpeechSample.wav */; };
		7AE28FED1DD121CE00A663ED /* Credentials.swift in Sources */ = {isa = PBXBuildFile; fileRef = 7AE28FEC1DD121CE00A663ED /* Credentials.swift */; };
		7AE28FEF1DD128D400A663ED /* MicrophoneBasicViewController.swift in Sources */ = {isa = PBXBuildFile; fileRef = 7AE28FEE1DD128D400A663ED /* MicrophoneBasicViewController.swift */; };
/* End PBXBuildFile section */

/* Begin PBXFileReference section */
		0637D56F21C9C594003A2924 /* RestKit.framework */ = {isa = PBXFileReference; lastKnownFileType = wrapper.framework; name = RestKit.framework; path = Carthage/Build/iOS/RestKit.framework; sourceTree = "<group>"; };
		686F53321FFD1AFA008D3BA0 /* MicrophoneAdvancedViewController.swift */ = {isa = PBXFileReference; lastKnownFileType = sourcecode.swift; path = MicrophoneAdvancedViewController.swift; sourceTree = "<group>"; };
		68A4C5162016B39D00835EE4 /* Starscream.framework */ = {isa = PBXFileReference; lastKnownFileType = wrapper.framework; name = Starscream.framework; path = Carthage/Build/iOS/Starscream.framework; sourceTree = "<group>"; };
		7AE28FCF1DD10D6900A663ED /* Speech to Text.app */ = {isa = PBXFileReference; explicitFileType = wrapper.application; includeInIndex = 0; path = "Speech to Text.app"; sourceTree = BUILT_PRODUCTS_DIR; };
		7AE28FD21DD10D6900A663ED /* AppDelegate.swift */ = {isa = PBXFileReference; lastKnownFileType = sourcecode.swift; path = AppDelegate.swift; sourceTree = "<group>"; };
		7AE28FD41DD10D6900A663ED /* AudioFileViewController.swift */ = {isa = PBXFileReference; lastKnownFileType = sourcecode.swift; path = AudioFileViewController.swift; sourceTree = "<group>"; };
		7AE28FD71DD10D6900A663ED /* Base */ = {isa = PBXFileReference; lastKnownFileType = file.storyboard; name = Base; path = Base.lproj/Main.storyboard; sourceTree = "<group>"; };
		7AE28FD91DD10D6900A663ED /* Assets.xcassets */ = {isa = PBXFileReference; lastKnownFileType = folder.assetcatalog; path = Assets.xcassets; sourceTree = "<group>"; };
		7AE28FDC1DD10D6900A663ED /* Base */ = {isa = PBXFileReference; lastKnownFileType = file.storyboard; name = Base; path = Base.lproj/LaunchScreen.storyboard; sourceTree = "<group>"; };
		7AE28FDE1DD10D6900A663ED /* Info.plist */ = {isa = PBXFileReference; lastKnownFileType = text.plist.xml; path = Info.plist; sourceTree = "<group>"; };
		7AE28FE61DD1108500A663ED /* SpeechToTextV1.framework */ = {isa = PBXFileReference; lastKnownFileType = wrapper.framework; name = SpeechToTextV1.framework; path = Carthage/Build/iOS/SpeechToTextV1.framework; sourceTree = "<group>"; };
		7AE28FEA1DD1214000A663ED /* SpeechSample.wav */ = {isa = PBXFileReference; lastKnownFileType = audio.wav; path = SpeechSample.wav; sourceTree = "<group>"; };
		7AE28FEC1DD121CE00A663ED /* Credentials.swift */ = {isa = PBXFileReference; fileEncoding = 4; lastKnownFileType = sourcecode.swift; path = Credentials.swift; sourceTree = "<group>"; };
		7AE28FEE1DD128D400A663ED /* MicrophoneBasicViewController.swift */ = {isa = PBXFileReference; fileEncoding = 4; lastKnownFileType = sourcecode.swift; path = MicrophoneBasicViewController.swift; sourceTree = "<group>"; };
/* End PBXFileReference section */

/* Begin PBXFrameworksBuildPhase section */
		7AE28FCC1DD10D6900A663ED /* Frameworks */ = {
			isa = PBXFrameworksBuildPhase;
			buildActionMask = 2147483647;
			files = (
				7AE28FE81DD1108500A663ED /* SpeechToTextV1.framework in Frameworks */,
				68A4C5172016B39D00835EE4 /* Starscream.framework in Frameworks */,
				0637D57021C9C594003A2924 /* RestKit.framework in Frameworks */,
			);
			runOnlyForDeploymentPostprocessing = 0;
		};
/* End PBXFrameworksBuildPhase section */

/* Begin PBXGroup section */
		7AE28FC61DD10D6900A663ED = {
			isa = PBXGroup;
			children = (
				7AE28FD11DD10D6900A663ED /* Speech to Text */,
				7AE28FD01DD10D6900A663ED /* Products */,
				7AE28FE41DD1108500A663ED /* Frameworks */,
			);
			sourceTree = "<group>";
		};
		7AE28FD01DD10D6900A663ED /* Products */ = {
			isa = PBXGroup;
			children = (
				7AE28FCF1DD10D6900A663ED /* Speech to Text.app */,
			);
			name = Products;
			sourceTree = "<group>";
		};
		7AE28FD11DD10D6900A663ED /* Speech to Text */ = {
			isa = PBXGroup;
			children = (
				7AE28FD21DD10D6900A663ED /* AppDelegate.swift */,
				7AE28FD91DD10D6900A663ED /* Assets.xcassets */,
				7AE28FD41DD10D6900A663ED /* AudioFileViewController.swift */,
				7AE28FEC1DD121CE00A663ED /* Credentials.swift */,
				7AE28FDE1DD10D6900A663ED /* Info.plist */,
				7AE28FDB1DD10D6900A663ED /* LaunchScreen.storyboard */,
				7AE28FD61DD10D6900A663ED /* Main.storyboard */,
				7AE28FEA1DD1214000A663ED /* SpeechSample.wav */,
				7AE28FEE1DD128D400A663ED /* MicrophoneBasicViewController.swift */,
				686F53321FFD1AFA008D3BA0 /* MicrophoneAdvancedViewController.swift */,
			);
			path = "Speech to Text";
			sourceTree = "<group>";
		};
		7AE28FE41DD1108500A663ED /* Frameworks */ = {
			isa = PBXGroup;
			children = (
				0637D56F21C9C594003A2924 /* RestKit.framework */,
				68A4C5162016B39D00835EE4 /* Starscream.framework */,
				7AE28FE61DD1108500A663ED /* SpeechToTextV1.framework */,
			);
			name = Frameworks;
			sourceTree = "<group>";
		};
/* End PBXGroup section */

/* Begin PBXNativeTarget section */
		7AE28FCE1DD10D6900A663ED /* Speech to Text */ = {
			isa = PBXNativeTarget;
			buildConfigurationList = 7AE28FE11DD10D6900A663ED /* Build configuration list for PBXNativeTarget "Speech to Text" */;
			buildPhases = (
				7AE28FCB1DD10D6900A663ED /* Sources */,
				7AE28FCC1DD10D6900A663ED /* Frameworks */,
				7AE28FCD1DD10D6900A663ED /* Resources */,
				7AE28FE91DD1108F00A663ED /* ShellScript */,
			);
			buildRules = (
			);
			dependencies = (
			);
			name = "Speech to Text";
			productName = "Speech to Text";
			productReference = 7AE28FCF1DD10D6900A663ED /* Speech to Text.app */;
			productType = "com.apple.product-type.application";
		};
/* End PBXNativeTarget section */

/* Begin PBXProject section */
		7AE28FC71DD10D6900A663ED /* Project object */ = {
			isa = PBXProject;
			attributes = {
				LastSwiftUpdateCheck = 0800;
				LastUpgradeCheck = 0900;
				ORGANIZATIONNAME = "IBM Watson Developer Cloud";
				TargetAttributes = {
					7AE28FCE1DD10D6900A663ED = {
						CreatedOnToolsVersion = 8.0;
						ProvisioningStyle = Automatic;
					};
				};
			};
			buildConfigurationList = 7AE28FCA1DD10D6900A663ED /* Build configuration list for PBXProject "Speech to Text" */;
			compatibilityVersion = "Xcode 3.2";
			developmentRegion = English;
			hasScannedForEncodings = 0;
			knownRegions = (
				en,
				Base,
			);
			mainGroup = 7AE28FC61DD10D6900A663ED;
			productRefGroup = 7AE28FD01DD10D6900A663ED /* Products */;
			projectDirPath = "";
			projectRoot = "";
			targets = (
				7AE28FCE1DD10D6900A663ED /* Speech to Text */,
			);
		};
/* End PBXProject section */

/* Begin PBXResourcesBuildPhase section */
		7AE28FCD1DD10D6900A663ED /* Resources */ = {
			isa = PBXResourcesBuildPhase;
			buildActionMask = 2147483647;
			files = (
				7AE28FDD1DD10D6900A663ED /* LaunchScreen.storyboard in Resources */,
				7AE28FDA1DD10D6900A663ED /* Assets.xcassets in Resources */,
				7AE28FEB1DD1214000A663ED /* SpeechSample.wav in Resources */,
				7AE28FD81DD10D6900A663ED /* Main.storyboard in Resources */,
			);
			runOnlyForDeploymentPostprocessing = 0;
		};
/* End PBXResourcesBuildPhase section */

/* Begin PBXShellScriptBuildPhase section */
		7AE28FE91DD1108F00A663ED /* ShellScript */ = {
			isa = PBXShellScriptBuildPhase;
			buildActionMask = 2147483647;
			files = (
			);
			inputPaths = (
				"$(SRCROOT)/Carthage/Build/iOS/SpeechToTextV1.framework",
				"$(SRCROOT)/Carthage/Build/iOS/Starscream.framework",
				"$(SRCROOT)/Carthage/Build/iOS/RestKit.framework",
			);
			outputPaths = (
			);
			runOnlyForDeploymentPostprocessing = 0;
			shellPath = /bin/sh;
			shellScript = "/usr/local/bin/carthage copy-frameworks\n";
		};
/* End PBXShellScriptBuildPhase section */

/* Begin PBXSourcesBuildPhase section */
		7AE28FCB1DD10D6900A663ED /* Sources */ = {
			isa = PBXSourcesBuildPhase;
			buildActionMask = 2147483647;
			files = (
				7AE28FEF1DD128D400A663ED /* MicrophoneBasicViewController.swift in Sources */,
				7AE28FED1DD121CE00A663ED /* Credentials.swift in Sources */,
				7AE28FD51DD10D6900A663ED /* AudioFileViewController.swift in Sources */,
				7AE28FD31DD10D6900A663ED /* AppDelegate.swift in Sources */,
				686F53331FFD1AFA008D3BA0 /* MicrophoneAdvancedViewController.swift in Sources */,
			);
			runOnlyForDeploymentPostprocessing = 0;
		};
/* End PBXSourcesBuildPhase section */

/* Begin PBXVariantGroup section */
		7AE28FD61DD10D6900A663ED /* Main.storyboard */ = {
			isa = PBXVariantGroup;
			children = (
				7AE28FD71DD10D6900A663ED /* Base */,
			);
			name = Main.storyboard;
			sourceTree = "<group>";
		};
		7AE28FDB1DD10D6900A663ED /* LaunchScreen.storyboard */ = {
			isa = PBXVariantGroup;
			children = (
				7AE28FDC1DD10D6900A663ED /* Base */,
			);
			name = LaunchScreen.storyboard;
			sourceTree = "<group>";
		};
/* End PBXVariantGroup section */

/* Begin XCBuildConfiguration section */
		7AE28FDF1DD10D6900A663ED /* Debug */ = {
			isa = XCBuildConfiguration;
			buildSettings = {
				ALWAYS_SEARCH_USER_PATHS = NO;
				CLANG_ANALYZER_NONNULL = YES;
				CLANG_CXX_LANGUAGE_STANDARD = "gnu++0x";
				CLANG_CXX_LIBRARY = "libc++";
				CLANG_ENABLE_MODULES = YES;
				CLANG_ENABLE_OBJC_ARC = YES;
				CLANG_WARN_BLOCK_CAPTURE_AUTORELEASING = YES;
				CLANG_WARN_BOOL_CONVERSION = YES;
				CLANG_WARN_COMMA = YES;
				CLANG_WARN_CONSTANT_CONVERSION = YES;
				CLANG_WARN_DIRECT_OBJC_ISA_USAGE = YES_ERROR;
				CLANG_WARN_DOCUMENTATION_COMMENTS = YES;
				CLANG_WARN_EMPTY_BODY = YES;
				CLANG_WARN_ENUM_CONVERSION = YES;
				CLANG_WARN_INFINITE_RECURSION = YES;
				CLANG_WARN_INT_CONVERSION = YES;
				CLANG_WARN_NON_LITERAL_NULL_CONVERSION = YES;
				CLANG_WARN_OBJC_LITERAL_CONVERSION = YES;
				CLANG_WARN_OBJC_ROOT_CLASS = YES_ERROR;
				CLANG_WARN_RANGE_LOOP_ANALYSIS = YES;
				CLANG_WARN_STRICT_PROTOTYPES = YES;
				CLANG_WARN_SUSPICIOUS_MOVE = YES;
				CLANG_WARN_SUSPICIOUS_MOVES = YES;
				CLANG_WARN_UNREACHABLE_CODE = YES;
				CLANG_WARN__DUPLICATE_METHOD_MATCH = YES;
				"CODE_SIGN_IDENTITY[sdk=iphoneos*]" = "iPhone Developer";
				COPY_PHASE_STRIP = NO;
				DEBUG_INFORMATION_FORMAT = dwarf;
				ENABLE_STRICT_OBJC_MSGSEND = YES;
				ENABLE_TESTABILITY = YES;
				GCC_C_LANGUAGE_STANDARD = gnu99;
				GCC_DYNAMIC_NO_PIC = NO;
				GCC_NO_COMMON_BLOCKS = YES;
				GCC_OPTIMIZATION_LEVEL = 0;
				GCC_PREPROCESSOR_DEFINITIONS = (
					"DEBUG=1",
					"$(inherited)",
				);
				GCC_WARN_64_TO_32_BIT_CONVERSION = YES;
				GCC_WARN_ABOUT_RETURN_TYPE = YES_ERROR;
				GCC_WARN_UNDECLARED_SELECTOR = YES;
				GCC_WARN_UNINITIALIZED_AUTOS = YES_AGGRESSIVE;
				GCC_WARN_UNUSED_FUNCTION = YES;
				GCC_WARN_UNUSED_VARIABLE = YES;
				IPHONEOS_DEPLOYMENT_TARGET = 10.0;
				MTL_ENABLE_DEBUG_INFO = YES;
				ONLY_ACTIVE_ARCH = YES;
				SDKROOT = iphoneos;
				SWIFT_ACTIVE_COMPILATION_CONDITIONS = DEBUG;
				SWIFT_OPTIMIZATION_LEVEL = "-Onone";
				SWIFT_VERSION = 4.0;
				TARGETED_DEVICE_FAMILY = "1,2";
			};
			name = Debug;
		};
		7AE28FE01DD10D6900A663ED /* Release */ = {
			isa = XCBuildConfiguration;
			buildSettings = {
				ALWAYS_SEARCH_USER_PATHS = NO;
				CLANG_ANALYZER_NONNULL = YES;
				CLANG_CXX_LANGUAGE_STANDARD = "gnu++0x";
				CLANG_CXX_LIBRARY = "libc++";
				CLANG_ENABLE_MODULES = YES;
				CLANG_ENABLE_OBJC_ARC = YES;
				CLANG_WARN_BLOCK_CAPTURE_AUTORELEASING = YES;
				CLANG_WARN_BOOL_CONVERSION = YES;
				CLANG_WARN_COMMA = YES;
				CLANG_WARN_CONSTANT_CONVERSION = YES;
				CLANG_WARN_DIRECT_OBJC_ISA_USAGE = YES_ERROR;
				CLANG_WARN_DOCUMENTATION_COMMENTS = YES;
				CLANG_WARN_EMPTY_BODY = YES;
				CLANG_WARN_ENUM_CONVERSION = YES;
				CLANG_WARN_INFINITE_RECURSION = YES;
				CLANG_WARN_INT_CONVERSION = YES;
				CLANG_WARN_NON_LITERAL_NULL_CONVERSION = YES;
				CLANG_WARN_OBJC_LITERAL_CONVERSION = YES;
				CLANG_WARN_OBJC_ROOT_CLASS = YES_ERROR;
				CLANG_WARN_RANGE_LOOP_ANALYSIS = YES;
				CLANG_WARN_STRICT_PROTOTYPES = YES;
				CLANG_WARN_SUSPICIOUS_MOVE = YES;
				CLANG_WARN_SUSPICIOUS_MOVES = YES;
				CLANG_WARN_UNREACHABLE_CODE = YES;
				CLANG_WARN__DUPLICATE_METHOD_MATCH = YES;
				"CODE_SIGN_IDENTITY[sdk=iphoneos*]" = "iPhone Developer";
				COPY_PHASE_STRIP = NO;
				DEBUG_INFORMATION_FORMAT = "dwarf-with-dsym";
				ENABLE_NS_ASSERTIONS = NO;
				ENABLE_STRICT_OBJC_MSGSEND = YES;
				GCC_C_LANGUAGE_STANDARD = gnu99;
				GCC_NO_COMMON_BLOCKS = YES;
				GCC_WARN_64_TO_32_BIT_CONVERSION = YES;
				GCC_WARN_ABOUT_RETURN_TYPE = YES_ERROR;
				GCC_WARN_UNDECLARED_SELECTOR = YES;
				GCC_WARN_UNINITIALIZED_AUTOS = YES_AGGRESSIVE;
				GCC_WARN_UNUSED_FUNCTION = YES;
				GCC_WARN_UNUSED_VARIABLE = YES;
				IPHONEOS_DEPLOYMENT_TARGET = 10.0;
				MTL_ENABLE_DEBUG_INFO = NO;
				SDKROOT = iphoneos;
				SWIFT_OPTIMIZATION_LEVEL = "-Owholemodule";
				SWIFT_VERSION = 4.0;
				TARGETED_DEVICE_FAMILY = "1,2";
				VALIDATE_PRODUCT = YES;
			};
			name = Release;
		};
		7AE28FE21DD10D6900A663ED /* Debug */ = {
			isa = XCBuildConfiguration;
			buildSettings = {
				ASSETCATALOG_COMPILER_APPICON_NAME = AppIcon;
				FRAMEWORK_SEARCH_PATHS = (
					"$(inherited)",
					"$(PROJECT_DIR)/Carthage/Build/iOS",
				);
				INFOPLIST_FILE = "Speech to Text/Info.plist";
				LD_RUNPATH_SEARCH_PATHS = "$(inherited) @executable_path/Frameworks";
				PRODUCT_BUNDLE_IDENTIFIER = "com.ibm.watson.developer-cloud.Speech-to-Text";
				PRODUCT_NAME = "$(TARGET_NAME)";
				SWIFT_VERSION = 4.0;
			};
			name = Debug;
		};
		7AE28FE31DD10D6900A663ED /* Release */ = {
			isa = XCBuildConfiguration;
			buildSettings = {
				ASSETCATALOG_COMPILER_APPICON_NAME = AppIcon;
				FRAMEWORK_SEARCH_PATHS = (
					"$(inherited)",
					"$(PROJECT_DIR)/Carthage/Build/iOS",
				);
				INFOPLIST_FILE = "Speech to Text/Info.plist";
				LD_RUNPATH_SEARCH_PATHS = "$(inherited) @executable_path/Frameworks";
				PRODUCT_BUNDLE_IDENTIFIER = "com.ibm.watson.developer-cloud.Speech-to-Text";
				PRODUCT_NAME = "$(TARGET_NAME)";
				SWIFT_VERSION = 4.0;
			};
			name = Release;
		};
/* End XCBuildConfiguration section */

/* Begin XCConfigurationList section */
		7AE28FCA1DD10D6900A663ED /* Build configuration list for PBXProject "Speech to Text" */ = {
			isa = XCConfigurationList;
			buildConfigurations = (
				7AE28FDF1DD10D6900A663ED /* Debug */,
				7AE28FE01DD10D6900A663ED /* Release */,
			);
			defaultConfigurationIsVisible = 0;
			defaultConfigurationName = Release;
		};
		7AE28FE11DD10D6900A663ED /* Build configuration list for PBXNativeTarget "Speech to Text" */ = {
			isa = XCConfigurationList;
			buildConfigurations = (
				7AE28FE21DD10D6900A663ED /* Debug */,
				7AE28FE31DD10D6900A663ED /* Release */,
			);
			defaultConfigurationIsVisible = 0;
			defaultConfigurationName = Release;
		};
/* End XCConfigurationList section */
	};
	rootObject = 7AE28FC71DD10D6900A663ED /* Project object */;
}
